
Microsoft Visual Studio Solution File, Format Version 12.00
# Visual Studio Version 16
VisualStudioVersion = 16.0.31424.327
MinimumVisualStudioVersion = 10.0.40219.1
Project("{FAE04EC0-301F-11D3-BF4B-00C04F79EFBC}") = "AntimalnikAPI", "AntimalnikAPI\AntimalnikAPI.csproj", "{B59E9E63-6DA1-4E25-A464-4B41B85E0A0C}"
EndProject
Global
	GlobalSection(SolutionConfigurationPlatforms) = preSolution
		Debug|Any CPU = Debug|Any CPU
		Release|Any CPU = Release|Any CPU
	EndGlobalSection
	GlobalSection(ProjectConfigurationPlatforms) = postSolution
		{B59E9E63-6DA1-4E25-A464-4B41B85E0A0C}.Debug|Any CPU.ActiveCfg = Debug|Any CPU
		{B59E9E63-6DA1-4E25-A464-4B41B85E0A0C}.Debug|Any CPU.Build.0 = Debug|Any CPU
		{B59E9E63-6DA1-4E25-A464-4B41B85E0A0C}.Release|Any CPU.ActiveCfg = Release|Any CPU
		{B59E9E63-6DA1-4E25-A464-4B41B85E0A0C}.Release|Any CPU.Build.0 = Release|Any CPU
	EndGlobalSection
	GlobalSection(SolutionProperties) = preSolution
		HideSolutionNode = FALSE
	EndGlobalSection
	GlobalSection(ExtensibilityGlobals) = postSolution
		SolutionGuid = {35AD3217-568C-488F-A455-D7CDB12A4450}
	EndGlobalSection
EndGlobal
